Microsoft Visual Studio Solution File, Format Version 7.00
Project("{F184B08F-C81C-45F6-A57F-5ABD9991F28F}") = "VBDBLoggingPlugin", "VBDBLoggingPlugin.vbproj", "{FF9A2893-EECD-4F02-9587-A8CA1B6A12A4}"
EndProject
Global
	GlobalSection(SolutionConfiguration) = preSolution
		ConfigName.0 = Debug
		ConfigName.1 = Release
	EndGlobalSection
	GlobalSection(ProjectDependencies) = postSolution
	EndGlobalSection
	GlobalSection(ProjectConfiguration) = postSolution
		{FF9A2893-EECD-4F02-9587-A8CA1B6A12A4}.Debug.ActiveCfg = Debug|.NET
		{FF9A2893-EECD-4F02-9587-A8CA1B6A12A4}.Debug.Build.0 = Debug|.NET
		{FF9A2893-EECD-4F02-9587-A8CA1B6A12A4}.Release.ActiveCfg = Release|.NET
		{FF9A2893-EECD-4F02-9587-A8CA1B6A12A4}.Release.Build.0 = Release|.NET
	EndGlobalSection
	GlobalSection(ExtensibilityGlobals) = postSolution
	EndGlobalSection
	GlobalSection(ExtensibilityAddIns) = postSolution
	EndGlobalSection
EndGlobal
