Microsoft Visual Studio Solution File, Format Version 7.00
Project("{8BC9CEB8-8B4A-11D0-8D11-00A0C91BC942}") = "RecoDll", "RecoDll.vcproj", "{85B84EEB-0DA4-47ED-B2EB-7068F8139200}"
EndProject
Global
	GlobalSection(SolutionConfiguration) = preSolution
		ConfigName.0 = Debug
		ConfigName.1 = Release
	EndGlobalSection
	GlobalSection(ProjectDependencies) = postSolution
	EndGlobalSection
	GlobalSection(ProjectConfiguration) = postSolution
		{85B84EEB-0DA4-47ED-B2EB-7068F8139200}.Debug.ActiveCfg = Debug|Win32
		{85B84EEB-0DA4-47ED-B2EB-7068F8139200}.Debug.Build.0 = Debug|Win32
		{85B84EEB-0DA4-47ED-B2EB-7068F8139200}.Release.ActiveCfg = Release|Win32
		{85B84EEB-0DA4-47ED-B2EB-7068F8139200}.Release.Build.0 = Release|Win32
	EndGlobalSection
	GlobalSection(ExtensibilityGlobals) = postSolution
	EndGlobalSection
	GlobalSection(ExtensibilityAddIns) = postSolution
	EndGlobalSection
EndGlobal
