Microsoft Visual Studio Solution File, Format Version 7.00
Project("{8BC9CEB8-8B4A-11D0-8D11-00A0C91BC942}") = "InvokObjThreads", "InvokObjThreads.vcproj", "{D0ABBE71-0910-4B82-8C59-E462200AA9EB}"
EndProject
Global
	GlobalSection(SolutionConfiguration) = preSolution
		ConfigName.0 = Debug
		ConfigName.1 = Release
	EndGlobalSection
	GlobalSection(ProjectDependencies) = postSolution
	EndGlobalSection
	GlobalSection(ProjectConfiguration) = postSolution
		{D0ABBE71-0910-4B82-8C59-E462200AA9EB}.Debug.ActiveCfg = Debug|Win32
		{D0ABBE71-0910-4B82-8C59-E462200AA9EB}.Debug.Build.0 = Debug|Win32
		{D0ABBE71-0910-4B82-8C59-E462200AA9EB}.Release.ActiveCfg = Release|Win32
		{D0ABBE71-0910-4B82-8C59-E462200AA9EB}.Release.Build.0 = Release|Win32
	EndGlobalSection
	GlobalSection(ExtensibilityGlobals) = postSolution
	EndGlobalSection
	GlobalSection(ExtensibilityAddIns) = postSolution
	EndGlobalSection
EndGlobal
