Microsoft Visual Studio Solution File, Format Version 7.00
Project("{FAE04EC0-301F-11D3-BF4B-00C04F79EFBC}") = "Serialization", "Serialization.csproj", "{5FFAAE2A-0CD3-467C-BEC3-4E8A97085B8D}"
EndProject
Global
	GlobalSection(SolutionConfiguration) = preSolution
		ConfigName.0 = Debug
		ConfigName.1 = Release
	EndGlobalSection
	GlobalSection(ProjectDependencies) = postSolution
	EndGlobalSection
	GlobalSection(ProjectConfiguration) = postSolution
		{5FFAAE2A-0CD3-467C-BEC3-4E8A97085B8D}.Debug.ActiveCfg = Debug|.NET
		{5FFAAE2A-0CD3-467C-BEC3-4E8A97085B8D}.Debug.Build.0 = Debug|.NET
		{5FFAAE2A-0CD3-467C-BEC3-4E8A97085B8D}.Release.ActiveCfg = Release|.NET
		{5FFAAE2A-0CD3-467C-BEC3-4E8A97085B8D}.Release.Build.0 = Release|.NET
	EndGlobalSection
	GlobalSection(ExtensibilityGlobals) = postSolution
	EndGlobalSection
	GlobalSection(ExtensibilityAddIns) = postSolution
	EndGlobalSection
EndGlobal
